
Microsoft Visual Studio Solution File, Format Version 12.00
# Visual Studio 15
Project("{FAE04EC0-301F-11D3-BF4B-00C04F79EFBC}") = "牧师与魔鬼 - 有限状态机", "牧师与魔鬼 - 有限状态机.csproj", "{AE2FC1E1-214F-BEDC-FC24-2CD3D1AEA0D5}"
EndProject
Global
	GlobalSection(SolutionConfigurationPlatforms) = preSolution
		Debug|Any CPU = Debug|Any CPU
		Release|Any CPU = Release|Any CPU
	EndGlobalSection
	GlobalSection(ProjectConfigurationPlatforms) = postSolution
		{AE2FC1E1-214F-BEDC-FC24-2CD3D1AEA0D5}.Debug|Any CPU.ActiveCfg = Debug|Any CPU
		{AE2FC1E1-214F-BEDC-FC24-2CD3D1AEA0D5}.Debug|Any CPU.Build.0 = Debug|Any CPU
		{AE2FC1E1-214F-BEDC-FC24-2CD3D1AEA0D5}.Release|Any CPU.ActiveCfg = Release|Any CPU
		{AE2FC1E1-214F-BEDC-FC24-2CD3D1AEA0D5}.Release|Any CPU.Build.0 = Release|Any CPU
	EndGlobalSection
	GlobalSection(SolutionProperties) = preSolution
		HideSolutionNode = FALSE
	EndGlobalSection
EndGlobal
